
Microsoft Visual Studio Solution File, Format Version 12.00
# Visual Studio Version 17
VisualStudioVersion = 17.6.33829.357
MinimumVisualStudioVersion = 10.0.40219.1
Project("{F184B08F-C81C-45F6-A57F-5ABD9991F28F}") = "FalyaForm", "FalyaForm\FalyaForm.vbproj", "{6F02C7B7-F426-4905-940B-D32A7F6D5052}"
EndProject
Global
	GlobalSection(SolutionConfigurationPlatforms) = preSolution
		Debug|Any CPU = Debug|Any CPU
		Release|Any CPU = Release|Any CPU
	EndGlobalSection
	GlobalSection(ProjectConfigurationPlatforms) = postSolution
		{6F02C7B7-F426-4905-940B-D32A7F6D5052}.Debug|Any CPU.ActiveCfg = Debug|Any CPU
		{6F02C7B7-F426-4905-940B-D32A7F6D5052}.Debug|Any CPU.Build.0 = Debug|Any CPU
		{6F02C7B7-F426-4905-940B-D32A7F6D5052}.Release|Any CPU.ActiveCfg = Release|Any CPU
		{6F02C7B7-F426-4905-940B-D32A7F6D5052}.Release|Any CPU.Build.0 = Release|Any CPU
	EndGlobalSection
	GlobalSection(SolutionProperties) = preSolution
		HideSolutionNode = FALSE
	EndGlobalSection
	GlobalSection(ExtensibilityGlobals) = postSolution
		SolutionGuid = {92AE040E-EB81-4285-BAC7-E5B397A90E66}
	EndGlobalSection
EndGlobal
